
Microsoft Visual Studio Solution File, Format Version 12.00
# Visual Studio Version 16
VisualStudioVersion = 16.0.31702.278
MinimumVisualStudioVersion = 10.0.40219.1
Project("{FAE04EC0-301F-11D3-BF4B-00C04F79EFBC}") = "DirectoriesAndFiles", "DirectoriesAndFiles\DirectoriesAndFiles.csproj", "{ABD302E5-04EF-465B-9425-564994C6922C}"
EndProject
Project("{FAE04EC0-301F-11D3-BF4B-00C04F79EFBC}") = "wishList", "wishList\wishList.csproj", "{8316867B-1EE8-4CB9-A42D-B8764FFA50C9}"
EndProject
Project("{FAE04EC0-301F-11D3-BF4B-00C04F79EFBC}") = "MyWishListFile", "MyWishListFile\MyWishListFile.csproj", "{FC446BC4-546C-494A-B836-9EC853582BC8}"
EndProject
Project("{FAE04EC0-301F-11D3-BF4B-00C04F79EFBC}") = "ShoppingList", "ShoppingList\ShoppingList.csproj", "{75D9C434-1E6C-479C-B032-9B6774D86F4B}"
EndProject
Project("{FAE04EC0-301F-11D3-BF4B-00C04F79EFBC}") = "myShoppingList", "myShoppingList\myShoppingList.csproj", "{9A72D1C4-0FD5-4A83-91D2-6A3C7882B1F0}"
EndProject
Global
	GlobalSection(SolutionConfigurationPlatforms) = preSolution
		Debug|Any CPU = Debug|Any CPU
		Release|Any CPU = Release|Any CPU
	EndGlobalSection
	GlobalSection(ProjectConfigurationPlatforms) = postSolution
		{ABD302E5-04EF-465B-9425-564994C6922C}.Debug|Any CPU.ActiveCfg = Debug|Any CPU
		{ABD302E5-04EF-465B-9425-564994C6922C}.Debug|Any CPU.Build.0 = Debug|Any CPU
		{ABD302E5-04EF-465B-9425-564994C6922C}.Release|Any CPU.ActiveCfg = Release|Any CPU
		{ABD302E5-04EF-465B-9425-564994C6922C}.Release|Any CPU.Build.0 = Release|Any CPU
		{8316867B-1EE8-4CB9-A42D-B8764FFA50C9}.Debug|Any CPU.ActiveCfg = Debug|Any CPU
		{8316867B-1EE8-4CB9-A42D-B8764FFA50C9}.Debug|Any CPU.Build.0 = Debug|Any CPU
		{8316867B-1EE8-4CB9-A42D-B8764FFA50C9}.Release|Any CPU.ActiveCfg = Release|Any CPU
		{8316867B-1EE8-4CB9-A42D-B8764FFA50C9}.Release|Any CPU.Build.0 = Release|Any CPU
		{FC446BC4-546C-494A-B836-9EC853582BC8}.Debug|Any CPU.ActiveCfg = Debug|Any CPU
		{FC446BC4-546C-494A-B836-9EC853582BC8}.Debug|Any CPU.Build.0 = Debug|Any CPU
		{FC446BC4-546C-494A-B836-9EC853582BC8}.Release|Any CPU.ActiveCfg = Release|Any CPU
		{FC446BC4-546C-494A-B836-9EC853582BC8}.Release|Any CPU.Build.0 = Release|Any CPU
		{75D9C434-1E6C-479C-B032-9B6774D86F4B}.Debug|Any CPU.ActiveCfg = Debug|Any CPU
		{75D9C434-1E6C-479C-B032-9B6774D86F4B}.Debug|Any CPU.Build.0 = Debug|Any CPU
		{75D9C434-1E6C-479C-B032-9B6774D86F4B}.Release|Any CPU.ActiveCfg = Release|Any CPU
		{75D9C434-1E6C-479C-B032-9B6774D86F4B}.Release|Any CPU.Build.0 = Release|Any CPU
		{9A72D1C4-0FD5-4A83-91D2-6A3C7882B1F0}.Debug|Any CPU.ActiveCfg = Debug|Any CPU
		{9A72D1C4-0FD5-4A83-91D2-6A3C7882B1F0}.Debug|Any CPU.Build.0 = Debug|Any CPU
		{9A72D1C4-0FD5-4A83-91D2-6A3C7882B1F0}.Release|Any CPU.ActiveCfg = Release|Any CPU
		{9A72D1C4-0FD5-4A83-91D2-6A3C7882B1F0}.Release|Any CPU.Build.0 = Release|Any CPU
	EndGlobalSection
	GlobalSection(SolutionProperties) = preSolution
		HideSolutionNode = FALSE
	EndGlobalSection
	GlobalSection(ExtensibilityGlobals) = postSolution
		SolutionGuid = {3E5051D1-1E5B-41E8-9DC2-A40609B52EB4}
	EndGlobalSection
EndGlobal
